
Microsoft Visual Studio Solution File, Format Version 12.00
# Visual Studio Version 17
VisualStudioVersion = 17.11.35219.272
MinimumVisualStudioVersion = 10.0.40219.1
Project("{FAE04EC0-301F-11D3-BF4B-00C04F79EFBC}") = "ApiConselho", "ApiConselho.csproj", "{6875A9B8-9929-43F1-A1B9-D7E9A88AB13D}"
EndProject
Global
	GlobalSection(SolutionConfigurationPlatforms) = preSolution
		Debug|Any CPU = Debug|Any CPU
		Release|Any CPU = Release|Any CPU
	EndGlobalSection
	GlobalSection(ProjectConfigurationPlatforms) = postSolution
		{6875A9B8-9929-43F1-A1B9-D7E9A88AB13D}.Debug|Any CPU.ActiveCfg = Debug|Any CPU
		{6875A9B8-9929-43F1-A1B9-D7E9A88AB13D}.Debug|Any CPU.Build.0 = Debug|Any CPU
		{6875A9B8-9929-43F1-A1B9-D7E9A88AB13D}.Release|Any CPU.ActiveCfg = Release|Any CPU
		{6875A9B8-9929-43F1-A1B9-D7E9A88AB13D}.Release|Any CPU.Build.0 = Release|Any CPU
	EndGlobalSection
	GlobalSection(SolutionProperties) = preSolution
		HideSolutionNode = FALSE
	EndGlobalSection
	GlobalSection(ExtensibilityGlobals) = postSolution
		SolutionGuid = {A716DB00-2BEF-4DBC-BCF6-E6F602D47CC1}
	EndGlobalSection
EndGlobal
